{
  "version": 4,
  "terraform_version": "1.15.8",
  "serial": 3,
  "lineage": "f9f3c8a1-0b9f-6838-5fcb-f6521b13a607",
  "outputs": {
    "resource_group_name": {
      "value": "BritEdge_DEV_RG",
      "type": "string"
    }
  },
  "resources": [
    {
      "mode": "managed",
      "type": "azurerm_resource_group",
      "name": "cloud_rg",
      "provider": "provider[\"registry.terraform.io/hashicorp/azurerm\"]",
      "instances": [
        {
          "schema_version": 0,
          "attributes": {
            "id": "/subscriptions/1d7f1b24-3cc5-453c-a65e-967a617536b9/resourceGroups/BritEdge_DEV_RG",
            "location": "germanywestcentral",
            "managed_by": "",
            "name": "BritEdge_DEV_RG",
            "tags": null,
            "timeouts": null
          },
          "sensitive_attributes": [],
          "identity_schema_version": 0,
          "identity": {
            "name": "BritEdge_DEV_RG",
            "subscription_id": "1d7f1b24-3cc5-453c-a65e-967a617536b9"
          },
          "private": "eyJlMmJmYjczMC1lY2FhLTExZTYtOGY4OC0zNDM2M2JjN2M0YzAiOnsiY3JlYXRlIjo1NDAwMDAwMDAwMDAwLCJkZWxldGUiOjU0MDAwMDAwMDAwMDAsInJlYWQiOjMwMDAwMDAwMDAwMCwidXBkYXRlIjo1NDAwMDAwMDAwMDAwfX0="
        }
      ]
    }
  ],
  "check_results": null
}
